// !$*UTF8*$!
{
	archiveVersion = 1;
	classes = {
	};
	objectVersion = 45;
	objects = {

/* Begin PBXBuildFile section */
		8AEF0DAD143F41380058D6C6 /* libopencv_calib3d.dylib in Frameworks */ = {isa = PBXBuildFile; fileRef = 8AEF0DAC143F41380058D6C6 /* libopencv_calib3d.dylib */; };
		8AEF0DAF143F41380058D6C6 /* libopencv_contrib.dylib in Frameworks */ = {isa = PBXBuildFile; fileRef = 8AEF0DAE143F41380058D6C6 /* libopencv_contrib.dylib */; };
		8AEF0DB1143F41380058D6C6 /* libopencv_core.dylib in Frameworks */ = {isa = PBXBuildFile; fileRef = 8AEF0DB0143F41380058D6C6 /* libopencv_core.dylib */; };
		8AEF0DB3143F41380058D6C6 /* libopencv_features2d.dylib in Frameworks */ = {isa = PBXBuildFile; fileRef = 8AEF0DB2143F41380058D6C6 /* libopencv_features2d.dylib */; };
		8AEF0DB5143F41380058D6C6 /* libopencv_flann.dylib in Frameworks */ = {isa = PBXBuildFile; fileRef = 8AEF0DB4143F41380058D6C6 /* libopencv_flann.dylib */; };
		8AEF0DB7143F41380058D6C6 /* libopencv_gpu.dylib in Frameworks */ = {isa = PBXBuildFile; fileRef = 8AEF0DB6143F41380058D6C6 /* libopencv_gpu.dylib */; };
		8AEF0DB9143F41380058D6C6 /* libopencv_highgui.dylib in Frameworks */ = {isa = PBXBuildFile; fileRef = 8AEF0DB8143F41380058D6C6 /* libopencv_highgui.dylib */; };
		8AEF0DBB143F41380058D6C6 /* libopencv_imgproc.dylib in Frameworks */ = {isa = PBXBuildFile; fileRef = 8AEF0DBA143F41380058D6C6 /* libopencv_imgproc.dylib */; };
		8AEF0DBD143F41380058D6C6 /* libopencv_legacy.dylib in Frameworks */ = {isa = PBXBuildFile; fileRef = 8AEF0DBC143F41380058D6C6 /* libopencv_legacy.dylib */; };
		8AEF0DBF143F41380058D6C6 /* libopencv_ml.dylib in Frameworks */ = {isa = PBXBuildFile; fileRef = 8AEF0DBE143F41380058D6C6 /* libopencv_ml.dylib */; };
		8AEF0DC1143F41380058D6C6 /* libopencv_objdetect.dylib in Frameworks */ = {isa = PBXBuildFile; fileRef = 8AEF0DC0143F41380058D6C6 /* libopencv_objdetect.dylib */; };
		8AEF0DC3143F41380058D6C6 /* libopencv_ts.dylib in Frameworks */ = {isa = PBXBuildFile; fileRef = 8AEF0DC2143F41380058D6C6 /* libopencv_ts.dylib */; };
		8AEF0DC5143F41380058D6C6 /* libopencv_video.dylib in Frameworks */ = {isa = PBXBuildFile; fileRef = 8AEF0DC4143F41380058D6C6 /* libopencv_video.dylib */; };
		8DD76F650486A84900D96B5E /* main.cpp in Sources */ = {isa = PBXBuildFile; fileRef = 08FB7796FE84155DC02AAC07 /* main.cpp */; settings = {ATTRIBUTES = (); }; };
		8DD76F6A0486A84900D96B5E /* fill and stretch.1 in CopyFiles */ = {isa = PBXBuildFile; fileRef = C6859E8B029090EE04C91782 /* fill and stretch.1 */; };
/* End PBXBuildFile section */

/* Begin PBXCopyFilesBuildPhase section */
		8DD76F690486A84900D96B5E /* CopyFiles */ = {
			isa = PBXCopyFilesBuildPhase;
			buildActionMask = 8;
			dstPath = /usr/share/man/man1/;
			dstSubfolderSpec = 0;
			files = (
				8DD76F6A0486A84900D96B5E /* fill and stretch.1 in CopyFiles */,
			);
			runOnlyForDeploymentPostprocessing = 1;
		};
/* End PBXCopyFilesBuildPhase section */

/* Begin PBXFileReference section */
		08FB7796FE84155DC02AAC07 /* main.cpp */ = {isa = PBXFileReference; fileEncoding = 4; lastKnownFileType = sourcecode.cpp.cpp; path = main.cpp; sourceTree = "<group>"; };
		8AEF0DAC143F41380058D6C6 /* libopencv_calib3d.dylib */ = {isa = PBXFileReference; lastKnownFileType = "compiled.mach-o.dylib"; name = libopencv_calib3d.dylib; path = usr/local/lib/libopencv_calib3d.dylib; sourceTree = SDKROOT; };
		8AEF0DAE143F41380058D6C6 /* libopencv_contrib.dylib */ = {isa = PBXFileReference; lastKnownFileType = "compiled.mach-o.dylib"; name = libopencv_contrib.dylib; path = usr/local/lib/libopencv_contrib.dylib; sourceTree = SDKROOT; };
		8AEF0DB0143F41380058D6C6 /* libopencv_core.dylib */ = {isa = PBXFileReference; lastKnownFileType = "compiled.mach-o.dylib"; name = libopencv_core.dylib; path = usr/local/lib/libopencv_core.dylib; sourceTree = SDKROOT; };
		8AEF0DB2143F41380058D6C6 /* libopencv_features2d.dylib */ = {isa = PBXFileReference; lastKnownFileType = "compiled.mach-o.dylib"; name = libopencv_features2d.dylib; path = usr/local/lib/libopencv_features2d.dylib; sourceTree = SDKROOT; };
		8AEF0DB4143F41380058D6C6 /* libopencv_flann.dylib */ = {isa = PBXFileReference; lastKnownFileType = "compiled.mach-o.dylib"; name = libopencv_flann.dylib; path = usr/local/lib/libopencv_flann.dylib; sourceTree = SDKROOT; };
		8AEF0DB6143F41380058D6C6 /* libopencv_gpu.dylib */ = {isa = PBXFileReference; lastKnownFileType = "compiled.mach-o.dylib"; name = libopencv_gpu.dylib; path = usr/local/lib/libopencv_gpu.dylib; sourceTree = SDKROOT; };
		8AEF0DB8143F41380058D6C6 /* libopencv_highgui.dylib */ = {isa = PBXFileReference; lastKnownFileType = "compiled.mach-o.dylib"; name = libopencv_highgui.dylib; path = usr/local/lib/libopencv_highgui.dylib; sourceTree = SDKROOT; };
		8AEF0DBA143F41380058D6C6 /* libopencv_imgproc.dylib */ = {isa = PBXFileReference; lastKnownFileType = "compiled.mach-o.dylib"; name = libopencv_imgproc.dylib; path = usr/local/lib/libopencv_imgproc.dylib; sourceTree = SDKROOT; };
		8AEF0DBC143F41380058D6C6 /* libopencv_legacy.dylib */ = {isa = PBXFileReference; lastKnownFileType = "compiled.mach-o.dylib"; name = libopencv_legacy.dylib; path = usr/local/lib/libopencv_legacy.dylib; sourceTree = SDKROOT; };
		8AEF0DBE143F41380058D6C6 /* libopencv_ml.dylib */ = {isa = PBXFileReference; lastKnownFileType = "compiled.mach-o.dylib"; name = libopencv_ml.dylib; path = usr/local/lib/libopencv_ml.dylib; sourceTree = SDKROOT; };
		8AEF0DC0143F41380058D6C6 /* libopencv_objdetect.dylib */ = {isa = PBXFileReference; lastKnownFileType = "compiled.mach-o.dylib"; name = libopencv_objdetect.dylib; path = usr/local/lib/libopencv_objdetect.dylib; sourceTree = SDKROOT; };
		8AEF0DC2143F41380058D6C6 /* libopencv_ts.dylib */ = {isa = PBXFileReference; lastKnownFileType = "compiled.mach-o.dylib"; name = libopencv_ts.dylib; path = usr/local/lib/libopencv_ts.dylib; sourceTree = SDKROOT; };
		8AEF0DC4143F41380058D6C6 /* libopencv_video.dylib */ = {isa = PBXFileReference; lastKnownFileType = "compiled.mach-o.dylib"; name = libopencv_video.dylib; path = usr/local/lib/libopencv_video.dylib; sourceTree = SDKROOT; };
		8DD76F6C0486A84900D96B5E /* fill and stretch */ = {isa = PBXFileReference; explicitFileType = "compiled.mach-o.executable"; includeInIndex = 0; path = "fill and stretch"; sourceTree = BUILT_PRODUCTS_DIR; };
		C6859E8B029090EE04C91782 /* fill and stretch.1 */ = {isa = PBXFileReference; lastKnownFileType = text.man; path = "fill and stretch.1"; sourceTree = "<group>"; };
/* End PBXFileReference section */

/* Begin PBXFrameworksBuildPhase section */
		8DD76F660486A84900D96B5E /* Frameworks */ = {
			isa = PBXFrameworksBuildPhase;
			buildActionMask = 2147483647;
			files = (
				8AEF0DAD143F41380058D6C6 /* libopencv_calib3d.dylib in Frameworks */,
				8AEF0DAF143F41380058D6C6 /* libopencv_contrib.dylib in Frameworks */,
				8AEF0DB1143F41380058D6C6 /* libopencv_core.dylib in Frameworks */,
				8AEF0DB3143F41380058D6C6 /* libopencv_features2d.dylib in Frameworks */,
				8AEF0DB5143F41380058D6C6 /* libopencv_flann.dylib in Frameworks */,
				8AEF0DB7143F41380058D6C6 /* libopencv_gpu.dylib in Frameworks */,
				8AEF0DB9143F41380058D6C6 /* libopencv_highgui.dylib in Frameworks */,
				8AEF0DBB143F41380058D6C6 /* libopencv_imgproc.dylib in Frameworks */,
				8AEF0DBD143F41380058D6C6 /* libopencv_legacy.dylib in Frameworks */,
				8AEF0DBF143F41380058D6C6 /* libopencv_ml.dylib in Frameworks */,
				8AEF0DC1143F41380058D6C6 /* libopencv_objdetect.dylib in Frameworks */,
				8AEF0DC3143F41380058D6C6 /* libopencv_ts.dylib in Frameworks */,
				8AEF0DC5143F41380058D6C6 /* libopencv_video.dylib in Frameworks */,
			);
			runOnlyForDeploymentPostprocessing = 0;
		};
/* End PBXFrameworksBuildPhase section */

/* Begin PBXGroup section */
		08FB7794FE84155DC02AAC07 /* fill and stretch */ = {
			isa = PBXGroup;
			children = (
				8AEF0DA9143F41150058D6C6 /* fw */,
				08FB7795FE84155DC02AAC07 /* Source */,
				C6859E8C029090F304C91782 /* Documentation */,
				1AB674ADFE9D54B511CA2CBB /* Products */,
			);
			name = "fill and stretch";
			sourceTree = "<group>";
		};
		08FB7795FE84155DC02AAC07 /* Source */ = {
			isa = PBXGroup;
			children = (
				08FB7796FE84155DC02AAC07 /* main.cpp */,
			);
			name = Source;
			sourceTree = "<group>";
		};
		1AB674ADFE9D54B511CA2CBB /* Products */ = {
			isa = PBXGroup;
			children = (
				8DD76F6C0486A84900D96B5E /* fill and stretch */,
			);
			name = Products;
			sourceTree = "<group>";
		};
		8AEF0DA9143F41150058D6C6 /* fw */ = {
			isa = PBXGroup;
			children = (
				8AEF0DAC143F41380058D6C6 /* libopencv_calib3d.dylib */,
				8AEF0DAE143F41380058D6C6 /* libopencv_contrib.dylib */,
				8AEF0DB0143F41380058D6C6 /* libopencv_core.dylib */,
				8AEF0DB2143F41380058D6C6 /* libopencv_features2d.dylib */,
				8AEF0DB4143F41380058D6C6 /* libopencv_flann.dylib */,
				8AEF0DB6143F41380058D6C6 /* libopencv_gpu.dylib */,
				8AEF0DB8143F41380058D6C6 /* libopencv_highgui.dylib */,
				8AEF0DBA143F41380058D6C6 /* libopencv_imgproc.dylib */,
				8AEF0DBC143F41380058D6C6 /* libopencv_legacy.dylib */,
				8AEF0DBE143F41380058D6C6 /* libopencv_ml.dylib */,
				8AEF0DC0143F41380058D6C6 /* libopencv_objdetect.dylib */,
				8AEF0DC2143F41380058D6C6 /* libopencv_ts.dylib */,
				8AEF0DC4143F41380058D6C6 /* libopencv_video.dylib */,
			);
			name = fw;
			sourceTree = "<group>";
		};
		C6859E8C029090F304C91782 /* Documentation */ = {
			isa = PBXGroup;
			children = (
				C6859E8B029090EE04C91782 /* fill and stretch.1 */,
			);
			name = Documentation;
			sourceTree = "<group>";
		};
/* End PBXGroup section */

/* Begin PBXNativeTarget section */
		8DD76F620486A84900D96B5E /* fill and stretch */ = {
			isa = PBXNativeTarget;
			buildConfigurationList = 1DEB923108733DC60010E9CD /* Build configuration list for PBXNativeTarget "fill and stretch" */;
			buildPhases = (
				8DD76F640486A84900D96B5E /* Sources */,
				8DD76F660486A84900D96B5E /* Frameworks */,
				8DD76F690486A84900D96B5E /* CopyFiles */,
			);
			buildRules = (
			);
			dependencies = (
			);
			name = "fill and stretch";
			productInstallPath = "$(HOME)/bin";
			productName = "fill and stretch";
			productReference = 8DD76F6C0486A84900D96B5E /* fill and stretch */;
			productType = "com.apple.product-type.tool";
		};
/* End PBXNativeTarget section */

/* Begin PBXProject section */
		08FB7793FE84155DC02AAC07 /* Project object */ = {
			isa = PBXProject;
			buildConfigurationList = 1DEB923508733DC60010E9CD /* Build configuration list for PBXProject "fill and stretch" */;
			compatibilityVersion = "Xcode 3.1";
			developmentRegion = English;
			hasScannedForEncodings = 1;
			knownRegions = (
				English,
				Japanese,
				French,
				German,
			);
			mainGroup = 08FB7794FE84155DC02AAC07 /* fill and stretch */;
			projectDirPath = "";
			projectRoot = "";
			targets = (
				8DD76F620486A84900D96B5E /* fill and stretch */,
			);
		};
/* End PBXProject section */

/* Begin PBXSourcesBuildPhase section */
		8DD76F640486A84900D96B5E /* Sources */ = {
			isa = PBXSourcesBuildPhase;
			buildActionMask = 2147483647;
			files = (
				8DD76F650486A84900D96B5E /* main.cpp in Sources */,
			);
			runOnlyForDeploymentPostprocessing = 0;
		};
/* End PBXSourcesBuildPhase section */

/* Begin XCBuildConfiguration section */
		1DEB923208733DC60010E9CD /* Debug */ = {
			isa = XCBuildConfiguration;
			buildSettings = {
				ALWAYS_SEARCH_USER_PATHS = NO;
				COPY_PHASE_STRIP = NO;
				GCC_DYNAMIC_NO_PIC = NO;
				GCC_ENABLE_FIX_AND_CONTINUE = YES;
				GCC_MODEL_TUNING = G5;
				GCC_OPTIMIZATION_LEVEL = 0;
				INSTALL_PATH = /usr/local/bin;
				PRODUCT_NAME = "fill and stretch";
			};
			name = Debug;
		};
		1DEB923308733DC60010E9CD /* Release */ = {
			isa = XCBuildConfiguration;
			buildSettings = {
				ALWAYS_SEARCH_USER_PATHS = NO;
				DEBUG_INFORMATION_FORMAT = "dwarf-with-dsym";
				GCC_MODEL_TUNING = G5;
				INSTALL_PATH = /usr/local/bin;
				PRODUCT_NAME = "fill and stretch";
			};
			name = Release;
		};
		1DEB923608733DC60010E9CD /* Debug */ = {
			isa = XCBuildConfiguration;
			buildSettings = {
				ARCHS = "$(ARCHS_STANDARD_32_64_BIT)";
				GCC_C_LANGUAGE_STANDARD = gnu99;
				GCC_OPTIMIZATION_LEVEL = 0;
				GCC_WARN_ABOUT_RETURN_TYPE = YES;
				GCC_WARN_UNUSED_VARIABLE = YES;
				HEADER_SEARCH_PATHS = /usr/local/include;
				ONLY_ACTIVE_ARCH = YES;
				PREBINDING = NO;
				SDKROOT = macosx10.6;
				VALID_ARCHS = "i386 x86_64";
			};
			name = Debug;
		};
		1DEB923708733DC60010E9CD /* Release */ = {
			isa = XCBuildConfiguration;
			buildSettings = {
				ARCHS = "$(ARCHS_STANDARD_32_64_BIT)";
				GCC_C_LANGUAGE_STANDARD = gnu99;
				GCC_WARN_ABOUT_RETURN_TYPE = YES;
				GCC_WARN_UNUSED_VARIABLE = YES;
				PREBINDING = NO;
				SDKROOT = macosx10.6;
			};
			name = Release;
		};
/* End XCBuildConfiguration section */

/* Begin XCConfigurationList section */
		1DEB923108733DC60010E9CD /* Build configuration list for PBXNativeTarget "fill and stretch" */ = {
			isa = XCConfigurationList;
			buildConfigurations = (
				1DEB923208733DC60010E9CD /* Debug */,
				1DEB923308733DC60010E9CD /* Release */,
			);
			defaultConfigurationIsVisible = 0;
			defaultConfigurationName = Release;
		};
		1DEB923508733DC60010E9CD /* Build configuration list for PBXProject "fill and stretch" */ = {
			isa = XCConfigurationList;
			buildConfigurations = (
				1DEB923608733DC60010E9CD /* Debug */,
				1DEB923708733DC60010E9CD /* Release */,
			);
			defaultConfigurationIsVisible = 0;
			defaultConfigurationName = Release;
		};
/* End XCConfigurationList section */
	};
	rootObject = 08FB7793FE84155DC02AAC07 /* Project object */;
}
